<?xml version="1.0" encoding="utf-8"?>
<Project ToolsVersion="4.0" xmlns="http://schemas.microsoft.com/developer/msbuild/2003">
  <ItemGroup>
    <Filter Include="Source Files">
      <UniqueIdentifier>{4FC737F1-C7A5-4376-A066-2A32D752A2FF}</UniqueIdentifier>
      <Extensions>cpp;c;cc;cxx;def;odl;idl;hpj;bat;asm;asmx</Extensions>
    </Filter>
    <Filter Include="Header Files">
      <UniqueIdentifier>{93995380-89BD-4b04-88EB-625FBE52EBFB}</UniqueIdentifier>
      <Extensions>h;hh;hpp;hxx;hm;inl;inc;xsd</Extensions>
    </Filter>
    <Filter Include="Resource Files">
      <UniqueIdentifier>{67DA6AB6-F800-4c08-8B7A-83BB121AAD01}</UniqueIdentifier>
      <Extensions>rc;ico;cur;bmp;dlg;rc2;rct;bin;rgs;gif;jpg;jpeg;jpe;resx;tiff;tif;png;wav;mfcribbon-ms</Extensions>
    </Filter>
    <Filter Include="shaders">
      <UniqueIdentifier>{4493f683-25f9-468d-b361-8cd0e18edb51}</UniqueIdentifier>
    </Filter>
    <Filter Include="Header Files\Examples">
      <UniqueIdentifier>{4d2a34f6-218f-412f-801f-e738cf7c04ae}</UniqueIdentifier>
    </Filter>
    <Filter Include="Header Files\Examples\Vectors">
      <UniqueIdentifier>{595c6b04-889d-4b1d-beb0-33747efb20c8}</UniqueIdentifier>
    </Filter>
    <Filter Include="Source Files\Examples">
      <UniqueIdentifier>{b7beb5fd-68e9-4c45-9d5b-d211afa9ca0e}</UniqueIdentifier>
    </Filter>
    <Filter Include="Source Files\Examples\Vectors">
      <UniqueIdentifier>{edcdad76-0044-45cf-b265-4883662b4b40}</UniqueIdentifier>
    </Filter>
  </ItemGroup>
  <ItemGroup>
    <ClCompile Include="main.cpp">
      <Filter>Source Files</Filter>
    </ClCompile>
    <ClCompile Include="Camera.cpp">
      <Filter>Source Files</Filter>
    </ClCompile>
    <ClCompile Include="CoordinatesSystem.cpp">
      <Filter>Source Files</Filter>
    </ClCompile>
    <ClCompile Include="BaseModel.cpp">
      <Filter>Source Files</Filter>
    </ClCompile>
    <ClCompile Include="BasePrimitive.cpp">
      <Filter>Source Files</Filter>
    </ClCompile>
    <ClCompile Include="CubeModel.cpp">
      <Filter>Source Files</Filter>
    </ClCompile>
    <ClCompile Include="VectorsCubeModel.cpp">
      <Filter>Source Files</Filter>
    </ClCompile>
    <ClCompile Include="VectorScalar.cpp">
      <Filter>Source Files\Examples\Vectors</Filter>
    </ClCompile>
  </ItemGroup>
  <ItemGroup>
    <ClInclude Include="Shader.h">
      <Filter>Source Files</Filter>
    </ClInclude>
    <ClInclude Include="callbacks.h">
      <Filter>Source Files</Filter>
    </ClInclude>
    <ClInclude Include="Camera.h">
      <Filter>Header Files</Filter>
    </ClInclude>
    <ClInclude Include="CoordinatesSystem.h">
      <Filter>Header Files</Filter>
    </ClInclude>
    <ClInclude Include="BaseModel.h">
      <Filter>Header Files</Filter>
    </ClInclude>
    <ClInclude Include="BasePrimitive.h">
      <Filter>Header Files</Filter>
    </ClInclude>
    <ClInclude Include="CubeModel.h">
      <Filter>Header Files</Filter>
    </ClInclude>
    <ClInclude Include="VectorsCubeModel.h">
      <Filter>Header Files</Filter>
    </ClInclude>
    <ClInclude Include="VectorScalar.h">
      <Filter>Header Files\Examples\Vectors</Filter>
    </ClInclude>
  </ItemGroup>
  <ItemGroup>
    <None Include="..\assets\shaders\fragment.glsl">
      <Filter>shaders</Filter>
    </None>
    <None Include="..\assets\shaders\vectors.glsl">
      <Filter>shaders</Filter>
    </None>
    <None Include="..\assets\shaders\vertex.glsl">
      <Filter>shaders</Filter>
    </None>
  </ItemGroup>
</Project>